
Microsoft Visual Studio Solution File, Format Version 12.00
# Visual Studio Version 17
VisualStudioVersion = 17.6.33723.286
MinimumVisualStudioVersion = 10.0.40219.1
Project("{9A19103F-16F7-4668-BE54-9A1E7A4F7556}") = "HH.WPF", "HH.WPF\HH.WPF.csproj", "{EDEF15B7-170C-4195-AEB0-88EC82034FCD}"
EndProject
Global
	GlobalSection(SolutionConfigurationPlatforms) = preSolution
		Debug|Any CPU = Debug|Any CPU
		Release|Any CPU = Release|Any CPU
	EndGlobalSection
	GlobalSection(ProjectConfigurationPlatforms) = postSolution
		{EDEF15B7-170C-4195-AEB0-88EC82034FCD}.Debug|Any CPU.ActiveCfg = Debug|Any CPU
		{EDEF15B7-170C-4195-AEB0-88EC82034FCD}.Debug|Any CPU.Build.0 = Debug|Any CPU
		{EDEF15B7-170C-4195-AEB0-88EC82034FCD}.Release|Any CPU.ActiveCfg = Release|Any CPU
		{EDEF15B7-170C-4195-AEB0-88EC82034FCD}.Release|Any CPU.Build.0 = Release|Any CPU
	EndGlobalSection
	GlobalSection(SolutionProperties) = preSolution
		HideSolutionNode = FALSE
	EndGlobalSection
	GlobalSection(ExtensibilityGlobals) = postSolution
		SolutionGuid = {52AE75B4-E443-47FA-ABBC-D2A8C420D717}
	EndGlobalSection
EndGlobal
